
Microsoft Visual Studio Solution File, Format Version 12.00
# Visual Studio Version 17
VisualStudioVersion = 17.4.33213.308
MinimumVisualStudioVersion = 10.0.40219.1
Project("{9A19103F-16F7-4668-BE54-9A1E7A4F7556}") = "MinionBot.Streamers", "MinionBot.Streamers\MinionBot.Streamers.csproj", "{074B95CC-6DB4-4D41-B54D-5EE5DDCCD550}"
EndProject
Project("{FAE04EC0-301F-11D3-BF4B-00C04F79EFBC}") = "MinionBot.Maui", "MinionBot.Maui\MinionBot.Maui.csproj", "{9F0D8242-40FB-4591-952A-9DBDF778F71E}"
EndProject
Global
	GlobalSection(SolutionConfigurationPlatforms) = preSolution
		Debug|Any CPU = Debug|Any CPU
		Release|Any CPU = Release|Any CPU
	EndGlobalSection
	GlobalSection(ProjectConfigurationPlatforms) = postSolution
		{074B95CC-6DB4-4D41-B54D-5EE5DDCCD550}.Debug|Any CPU.ActiveCfg = Debug|Any CPU
		{074B95CC-6DB4-4D41-B54D-5EE5DDCCD550}.Debug|Any CPU.Build.0 = Debug|Any CPU
		{074B95CC-6DB4-4D41-B54D-5EE5DDCCD550}.Release|Any CPU.ActiveCfg = Release|Any CPU
		{074B95CC-6DB4-4D41-B54D-5EE5DDCCD550}.Release|Any CPU.Build.0 = Release|Any CPU
		{9F0D8242-40FB-4591-952A-9DBDF778F71E}.Debug|Any CPU.ActiveCfg = Debug|Any CPU
		{9F0D8242-40FB-4591-952A-9DBDF778F71E}.Debug|Any CPU.Build.0 = Debug|Any CPU
		{9F0D8242-40FB-4591-952A-9DBDF778F71E}.Debug|Any CPU.Deploy.0 = Debug|Any CPU
		{9F0D8242-40FB-4591-952A-9DBDF778F71E}.Release|Any CPU.ActiveCfg = Release|Any CPU
		{9F0D8242-40FB-4591-952A-9DBDF778F71E}.Release|Any CPU.Build.0 = Release|Any CPU
		{9F0D8242-40FB-4591-952A-9DBDF778F71E}.Release|Any CPU.Deploy.0 = Release|Any CPU
	EndGlobalSection
	GlobalSection(SolutionProperties) = preSolution
		HideSolutionNode = FALSE
	EndGlobalSection
	GlobalSection(ExtensibilityGlobals) = postSolution
		SolutionGuid = {D1DA34FF-47DD-4C3F-91FF-E7717B29D8E9}
	EndGlobalSection
EndGlobal
